
Microsoft Visual Studio Solution File, Format Version 12.00
# Visual Studio 14
VisualStudioVersion = 14.0.25420.1
MinimumVisualStudioVersion = 10.0.40219.1
Project("{FAE04EC0-301F-11D3-BF4B-00C04F79EFBC}") = "CalcTest", "CalcTest\CalcTest.csproj", "{47CA8967-93DA-4239-878D-3274B2A23436}"
EndProject
Project("{FAE04EC0-301F-11D3-BF4B-00C04F79EFBC}") = "CalcLibrary", "CalcLibrary\CalcLibrary.csproj", "{1441C70B-31CE-4DE6-AF43-E89486173506}"
EndProject
Project("{FAE04EC0-301F-11D3-BF4B-00C04F79EFBC}") = "Console", "Console\Console.csproj", "{3B2388AB-58AB-48A2-86BC-81736836CFC2}"
EndProject
Project("{FAE04EC0-301F-11D3-BF4B-00C04F79EFBC}") = "SuperCalc", "SuperCalc\SuperCalc.csproj", "{0D441270-4CF2-45C3-A0E8-279968A8DFD1}"
EndProject
Project("{FAE04EC0-301F-11D3-BF4B-00C04F79EFBC}") = "ExcelOperation", "ExcelOperation\ExcelOperation.csproj", "{D845242E-EE5E-49C5-B759-65F6846B8615}"
EndProject
Project("{FAE04EC0-301F-11D3-BF4B-00C04F79EFBC}") = "WebCalc", "WebCalc\WebCalc.csproj", "{9A375B20-B4D9-4DBC-BEFA-D05FD1E028A0}"
EndProject
Project("{FAE04EC0-301F-11D3-BF4B-00C04F79EFBC}") = "DBModel", "DBModel\DBModel.csproj", "{DE113DA8-EFFF-44B8-BD20-000FE668C0E3}"
EndProject
Global
	GlobalSection(SolutionConfigurationPlatforms) = preSolution
		Debug|Any CPU = Debug|Any CPU
		Release|Any CPU = Release|Any CPU
	EndGlobalSection
	GlobalSection(ProjectConfigurationPlatforms) = postSolution
		{47CA8967-93DA-4239-878D-3274B2A23436}.Debug|Any CPU.ActiveCfg = Debug|Any CPU
		{47CA8967-93DA-4239-878D-3274B2A23436}.Debug|Any CPU.Build.0 = Debug|Any CPU
		{47CA8967-93DA-4239-878D-3274B2A23436}.Release|Any CPU.ActiveCfg = Release|Any CPU
		{47CA8967-93DA-4239-878D-3274B2A23436}.Release|Any CPU.Build.0 = Release|Any CPU
		{1441C70B-31CE-4DE6-AF43-E89486173506}.Debug|Any CPU.ActiveCfg = Debug|Any CPU
		{1441C70B-31CE-4DE6-AF43-E89486173506}.Debug|Any CPU.Build.0 = Debug|Any CPU
		{1441C70B-31CE-4DE6-AF43-E89486173506}.Release|Any CPU.ActiveCfg = Release|Any CPU
		{1441C70B-31CE-4DE6-AF43-E89486173506}.Release|Any CPU.Build.0 = Release|Any CPU
		{3B2388AB-58AB-48A2-86BC-81736836CFC2}.Debug|Any CPU.ActiveCfg = Debug|Any CPU
		{3B2388AB-58AB-48A2-86BC-81736836CFC2}.Debug|Any CPU.Build.0 = Debug|Any CPU
		{3B2388AB-58AB-48A2-86BC-81736836CFC2}.Release|Any CPU.ActiveCfg = Release|Any CPU
		{3B2388AB-58AB-48A2-86BC-81736836CFC2}.Release|Any CPU.Build.0 = Release|Any CPU
		{0D441270-4CF2-45C3-A0E8-279968A8DFD1}.Debug|Any CPU.ActiveCfg = Debug|Any CPU
		{0D441270-4CF2-45C3-A0E8-279968A8DFD1}.Debug|Any CPU.Build.0 = Debug|Any CPU
		{0D441270-4CF2-45C3-A0E8-279968A8DFD1}.Release|Any CPU.ActiveCfg = Release|Any CPU
		{0D441270-4CF2-45C3-A0E8-279968A8DFD1}.Release|Any CPU.Build.0 = Release|Any CPU
		{D845242E-EE5E-49C5-B759-65F6846B8615}.Debug|Any CPU.ActiveCfg = Debug|Any CPU
		{D845242E-EE5E-49C5-B759-65F6846B8615}.Debug|Any CPU.Build.0 = Debug|Any CPU
		{D845242E-EE5E-49C5-B759-65F6846B8615}.Release|Any CPU.ActiveCfg = Release|Any CPU
		{D845242E-EE5E-49C5-B759-65F6846B8615}.Release|Any CPU.Build.0 = Release|Any CPU
		{9A375B20-B4D9-4DBC-BEFA-D05FD1E028A0}.Debug|Any CPU.ActiveCfg = Debug|Any CPU
		{9A375B20-B4D9-4DBC-BEFA-D05FD1E028A0}.Debug|Any CPU.Build.0 = Debug|Any CPU
		{9A375B20-B4D9-4DBC-BEFA-D05FD1E028A0}.Release|Any CPU.ActiveCfg = Release|Any CPU
		{9A375B20-B4D9-4DBC-BEFA-D05FD1E028A0}.Release|Any CPU.Build.0 = Release|Any CPU
		{DE113DA8-EFFF-44B8-BD20-000FE668C0E3}.Debug|Any CPU.ActiveCfg = Debug|Any CPU
		{DE113DA8-EFFF-44B8-BD20-000FE668C0E3}.Debug|Any CPU.Build.0 = Debug|Any CPU
		{DE113DA8-EFFF-44B8-BD20-000FE668C0E3}.Release|Any CPU.ActiveCfg = Release|Any CPU
		{DE113DA8-EFFF-44B8-BD20-000FE668C0E3}.Release|Any CPU.Build.0 = Release|Any CPU
	EndGlobalSection
	GlobalSection(SolutionProperties) = preSolution
		HideSolutionNode = FALSE
	EndGlobalSection
EndGlobal
